// !$*UTF8*$!
{
	archiveVersion = 1;
	classes = {
	};
	objectVersion = 46;
	objects = {

/* Begin PBXBuildFile section */
		9BB10B581A0E191700FBC33B /* AppDelegate.swift in Sources */ = {isa = PBXBuildFile; fileRef = 9BB10B571A0E191700FBC33B /* AppDelegate.swift */; };
		9BB10B5A1A0E191700FBC33B /* ViewController.swift in Sources */ = {isa = PBXBuildFile; fileRef = 9BB10B591A0E191700FBC33B /* ViewController.swift */; };
		9BB10B5D1A0E191700FBC33B /* Main.storyboard in Resources */ = {isa = PBXBuildFile; fileRef = 9BB10B5B1A0E191700FBC33B /* Main.storyboard */; };
		9BB10B5F1A0E191700FBC33B /* Images.xcassets in Resources */ = {isa = PBXBuildFile; fileRef = 9BB10B5E1A0E191700FBC33B /* Images.xcassets */; };
		9BB10B621A0E191700FBC33B /* LaunchScreen.xib in Resources */ = {isa = PBXBuildFile; fileRef = 9BB10B601A0E191700FBC33B /* LaunchScreen.xib */; };
		9BB10B6E1A0E191700FBC33B /* MVCExampleTests.swift in Sources */ = {isa = PBXBuildFile; fileRef = 9BB10B6D1A0E191700FBC33B /* MVCExampleTests.swift */; };
/* End PBXBuildFile section */

/* Begin PBXContainerItemProxy section */
		9BB10B681A0E191700FBC33B /* PBXContainerItemProxy */ = {
			isa = PBXContainerItemProxy;
			containerPortal = 9BB10B4A1A0E191700FBC33B /* Project object */;
			proxyType = 1;
			remoteGlobalIDString = 9BB10B511A0E191700FBC33B;
			remoteInfo = MVCExample;
		};
/* End PBXContainerItemProxy section */

/* Begin PBXFileReference section */
		9BB10B521A0E191700FBC33B /* MVCExample.app */ = {isa = PBXFileReference; explicitFileType = wrapper.application; includeInIndex = 0; path = MVCExample.app; sourceTree = BUILT_PRODUCTS_DIR; };
		9BB10B561A0E191700FBC33B /* Info.plist */ = {isa = PBXFileReference; lastKnownFileType = text.plist.xml; path = Info.plist; sourceTree = "<group>"; };
		9BB10B571A0E191700FBC33B /* AppDelegate.swift */ = {isa = PBXFileReference; lastKnownFileType = sourcecode.swift; path = AppDelegate.swift; sourceTree = "<group>"; };
		9BB10B591A0E191700FBC33B /* ViewController.swift */ = {isa = PBXFileReference; lastKnownFileType = sourcecode.swift; path = ViewController.swift; sourceTree = "<group>"; };
		9BB10B5C1A0E191700FBC33B /* Base */ = {isa = PBXFileReference; lastKnownFileType = file.storyboard; name = Base; path = Base.lproj/Main.storyboard; sourceTree = "<group>"; };
		9BB10B5E1A0E191700FBC33B /* Images.xcassets */ = {isa = PBXFileReference; lastKnownFileType = folder.assetcatalog; path = Images.xcassets; sourceTree = "<group>"; };
		9BB10B611A0E191700FBC33B /* Base */ = {isa = PBXFileReference; lastKnownFileType = file.xib; name = Base; path = Base.lproj/LaunchScreen.xib; sourceTree = "<group>"; };
		9BB10B671A0E191700FBC33B /* MVCExampleTests.xctest */ = {isa = PBXFileReference; explicitFileType = wrapper.cfbundle; includeInIndex = 0; path = MVCExampleTests.xctest; sourceTree = BUILT_PRODUCTS_DIR; };
		9BB10B6C1A0E191700FBC33B /* Info.plist */ = {isa = PBXFileReference; lastKnownFileType = text.plist.xml; path = Info.plist; sourceTree = "<group>"; };
		9BB10B6D1A0E191700FBC33B /* MVCExampleTests.swift */ = {isa = PBXFileReference; lastKnownFileType = sourcecode.swift; path = MVCExampleTests.swift; sourceTree = "<group>"; };
/* End PBXFileReference section */

/* Begin PBXFrameworksBuildPhase section */
		9BB10B4F1A0E191700FBC33B /* Frameworks */ = {
			isa = PBXFrameworksBuildPhase;
			buildActionMask = 2147483647;
			files = (
			);
			runOnlyForDeploymentPostprocessing = 0;
		};
		9BB10B641A0E191700FBC33B /* Frameworks */ = {
			isa = PBXFrameworksBuildPhase;
			buildActionMask = 2147483647;
			files = (
			);
			runOnlyForDeploymentPostprocessing = 0;
		};
/* End PBXFrameworksBuildPhase section */

/* Begin PBXGroup section */
		9BB10B491A0E191700FBC33B = {
			isa = PBXGroup;
			children = (
				9BB10B541A0E191700FBC33B /* MVCExample */,
				9BB10B6A1A0E191700FBC33B /* MVCExampleTests */,
				9BB10B531A0E191700FBC33B /* Products */,
			);
			sourceTree = "<group>";
		};
		9BB10B531A0E191700FBC33B /* Products */ = {
			isa = PBXGroup;
			children = (
				9BB10B521A0E191700FBC33B /* MVCExample.app */,
				9BB10B671A0E191700FBC33B /* MVCExampleTests.xctest */,
			);
			name = Products;
			sourceTree = "<group>";
		};
		9BB10B541A0E191700FBC33B /* MVCExample */ = {
			isa = PBXGroup;
			children = (
				9BB10B571A0E191700FBC33B /* AppDelegate.swift */,
				9BB10B591A0E191700FBC33B /* ViewController.swift */,
				9BB10B5B1A0E191700FBC33B /* Main.storyboard */,
				9BB10B5E1A0E191700FBC33B /* Images.xcassets */,
				9BB10B601A0E191700FBC33B /* LaunchScreen.xib */,
				9BB10B551A0E191700FBC33B /* Supporting Files */,
			);
			path = MVCExample;
			sourceTree = "<group>";
		};
		9BB10B551A0E191700FBC33B /* Supporting Files */ = {
			isa = PBXGroup;
			children = (
				9BB10B561A0E191700FBC33B /* Info.plist */,
			);
			name = "Supporting Files";
			sourceTree = "<group>";
		};
		9BB10B6A1A0E191700FBC33B /* MVCExampleTests */ = {
			isa = PBXGroup;
			children = (
				9BB10B6D1A0E191700FBC33B /* MVCExampleTests.swift */,
				9BB10B6B1A0E191700FBC33B /* Supporting Files */,
			);
			path = MVCExampleTests;
			sourceTree = "<group>";
		};
		9BB10B6B1A0E191700FBC33B /* Supporting Files */ = {
			isa = PBXGroup;
			children = (
				9BB10B6C1A0E191700FBC33B /* Info.plist */,
			);
			name = "Supporting Files";
			sourceTree = "<group>";
		};
/* End PBXGroup section */

/* Begin PBXNativeTarget section */
		9BB10B511A0E191700FBC33B /* MVCExample */ = {
			isa = PBXNativeTarget;
			buildConfigurationList = 9BB10B711A0E191700FBC33B /* Build configuration list for PBXNativeTarget "MVCExample" */;
			buildPhases = (
				9BB10B4E1A0E191700FBC33B /* Sources */,
				9BB10B4F1A0E191700FBC33B /* Frameworks */,
				9BB10B501A0E191700FBC33B /* Resources */,
			);
			buildRules = (
			);
			dependencies = (
			);
			name = MVCExample;
			productName = MVCExample;
			productReference = 9BB10B521A0E191700FBC33B /* MVCExample.app */;
			productType = "com.apple.product-type.application";
		};
		9BB10B661A0E191700FBC33B /* MVCExampleTests */ = {
			isa = PBXNativeTarget;
			buildConfigurationList = 9BB10B741A0E191700FBC33B /* Build configuration list for PBXNativeTarget "MVCExampleTests" */;
			buildPhases = (
				9BB10B631A0E191700FBC33B /* Sources */,
				9BB10B641A0E191700FBC33B /* Frameworks */,
				9BB10B651A0E191700FBC33B /* Resources */,
			);
			buildRules = (
			);
			dependencies = (
				9BB10B691A0E191700FBC33B /* PBXTargetDependency */,
			);
			name = MVCExampleTests;
			productName = MVCExampleTests;
			productReference = 9BB10B671A0E191700FBC33B /* MVCExampleTests.xctest */;
			productType = "com.apple.product-type.bundle.unit-test";
		};
/* End PBXNativeTarget section */

/* Begin PBXProject section */
		9BB10B4A1A0E191700FBC33B /* Project object */ = {
			isa = PBXProject;
			attributes = {
				LastUpgradeCheck = 0610;
				ORGANIZATIONNAME = "Roundwall Software";
				TargetAttributes = {
					9BB10B511A0E191700FBC33B = {
						CreatedOnToolsVersion = 6.1;
					};
					9BB10B661A0E191700FBC33B = {
						CreatedOnToolsVersion = 6.1;
						TestTargetID = 9BB10B511A0E191700FBC33B;
					};
				};
			};
			buildConfigurationList = 9BB10B4D1A0E191700FBC33B /* Build configuration list for PBXProject "MVCExample" */;
			compatibilityVersion = "Xcode 3.2";
			developmentRegion = English;
			hasScannedForEncodings = 0;
			knownRegions = (
				en,
				Base,
			);
			mainGroup = 9BB10B491A0E191700FBC33B;
			productRefGroup = 9BB10B531A0E191700FBC33B /* Products */;
			projectDirPath = "";
			projectRoot = "";
			targets = (
				9BB10B511A0E191700FBC33B /* MVCExample */,
				9BB10B661A0E191700FBC33B /* MVCExampleTests */,
			);
		};
/* End PBXProject section */

/* Begin PBXResourcesBuildPhase section */
		9BB10B501A0E191700FBC33B /* Resources */ = {
			isa = PBXResourcesBuildPhase;
			buildActionMask = 2147483647;
			files = (
				9BB10B5D1A0E191700FBC33B /* Main.storyboard in Resources */,
				9BB10B621A0E191700FBC33B /* LaunchScreen.xib in Resources */,
				9BB10B5F1A0E191700FBC33B /* Images.xcassets in Resources */,
			);
			runOnlyForDeploymentPostprocessing = 0;
		};
		9BB10B651A0E191700FBC33B /* Resources */ = {
			isa = PBXResourcesBuildPhase;
			buildActionMask = 2147483647;
			files = (
			);
			runOnlyForDeploymentPostprocessing = 0;
		};
/* End PBXResourcesBuildPhase section */

/* Begin PBXSourcesBuildPhase section */
		9BB10B4E1A0E191700FBC33B /* Sources */ = {
			isa = PBXSourcesBuildPhase;
			buildActionMask = 2147483647;
			files = (
				9BB10B5A1A0E191700FBC33B /* ViewController.swift in Sources */,
				9BB10B581A0E191700FBC33B /* AppDelegate.swift in Sources */,
			);
			runOnlyForDeploymentPostprocessing = 0;
		};
		9BB10B631A0E191700FBC33B /* Sources */ = {
			isa = PBXSourcesBuildPhase;
			buildActionMask = 2147483647;
			files = (
				9BB10B6E1A0E191700FBC33B /* MVCExampleTests.swift in Sources */,
			);
			runOnlyForDeploymentPostprocessing = 0;
		};
/* End PBXSourcesBuildPhase section */

/* Begin PBXTargetDependency section */
		9BB10B691A0E191700FBC33B /* PBXTargetDependency */ = {
			isa = PBXTargetDependency;
			target = 9BB10B511A0E191700FBC33B /* MVCExample */;
			targetProxy = 9BB10B681A0E191700FBC33B /* PBXContainerItemProxy */;
		};
/* End PBXTargetDependency section */

/* Begin PBXVariantGroup section */
		9BB10B5B1A0E191700FBC33B /* Main.storyboard */ = {
			isa = PBXVariantGroup;
			children = (
				9BB10B5C1A0E191700FBC33B /* Base */,
			);
			name = Main.storyboard;
			sourceTree = "<group>";
		};
		9BB10B601A0E191700FBC33B /* LaunchScreen.xib */ = {
			isa = PBXVariantGroup;
			children = (
				9BB10B611A0E191700FBC33B /* Base */,
			);
			name = LaunchScreen.xib;
			sourceTree = "<group>";
		};
/* End PBXVariantGroup section */

/* Begin XCBuildConfiguration section */
		9BB10B6F1A0E191700FBC33B /* Debug */ = {
			isa = XCBuildConfiguration;
			buildSettings = {
				ALWAYS_SEARCH_USER_PATHS = NO;
				CLANG_CXX_LANGUAGE_STANDARD = "gnu++0x";
				CLANG_CXX_LIBRARY = "libc++";
				CLANG_ENABLE_MODULES = YES;
				CLANG_ENABLE_OBJC_ARC = YES;
				CLANG_WARN_BOOL_CONVERSION = YES;
				CLANG_WARN_CONSTANT_CONVERSION = YES;
				CLANG_WARN_DIRECT_OBJC_ISA_USAGE = YES_ERROR;
				CLANG_WARN_EMPTY_BODY = YES;
				CLANG_WARN_ENUM_CONVERSION = YES;
				CLANG_WARN_INT_CONVERSION = YES;
				CLANG_WARN_OBJC_ROOT_CLASS = YES_ERROR;
				CLANG_WARN_UNREACHABLE_CODE = YES;
				CLANG_WARN__DUPLICATE_METHOD_MATCH = YES;
				"CODE_SIGN_IDENTITY[sdk=iphoneos*]" = "iPhone Developer";
				COPY_PHASE_STRIP = NO;
				ENABLE_STRICT_OBJC_MSGSEND = YES;
				GCC_C_LANGUAGE_STANDARD = gnu99;
				GCC_DYNAMIC_NO_PIC = NO;
				GCC_OPTIMIZATION_LEVEL = 0;
				GCC_PREPROCESSOR_DEFINITIONS = (
					"DEBUG=1",
					"$(inherited)",
				);
				GCC_SYMBOLS_PRIVATE_EXTERN = NO;
				GCC_WARN_64_TO_32_BIT_CONVERSION = YES;
				GCC_WARN_ABOUT_RETURN_TYPE = YES_ERROR;
				GCC_WARN_UNDECLARED_SELECTOR = YES;
				GCC_WARN_UNINITIALIZED_AUTOS = YES_AGGRESSIVE;
				GCC_WARN_UNUSED_FUNCTION = YES;
				GCC_WARN_UNUSED_VARIABLE = YES;
				IPHONEOS_DEPLOYMENT_TARGET = 8.1;
				MTL_ENABLE_DEBUG_INFO = YES;
				ONLY_ACTIVE_ARCH = YES;
				SDKROOT = iphoneos;
				SWIFT_OPTIMIZATION_LEVEL = "-Onone";
			};
			name = Debug;
		};
		9BB10B701A0E191700FBC33B /* Release */ = {
			isa = XCBuildConfiguration;
			buildSettings = {
				ALWAYS_SEARCH_USER_PATHS = NO;
				CLANG_CXX_LANGUAGE_STANDARD = "gnu++0x";
				CLANG_CXX_LIBRARY = "libc++";
				CLANG_ENABLE_MODULES = YES;
				CLANG_ENABLE_OBJC_ARC = YES;
				CLANG_WARN_BOOL_CONVERSION = YES;
				CLANG_WARN_CONSTANT_CONVERSION = YES;
				CLANG_WARN_DIRECT_OBJC_ISA_USAGE = YES_ERROR;
				CLANG_WARN_EMPTY_BODY = YES;
				CLANG_WARN_ENUM_CONVERSION = YES;
				CLANG_WARN_INT_CONVERSION = YES;
				CLANG_WARN_OBJC_ROOT_CLASS = YES_ERROR;
				CLANG_WARN_UNREACHABLE_CODE = YES;
				CLANG_WARN__DUPLICATE_METHOD_MATCH = YES;
				"CODE_SIGN_IDENTITY[sdk=iphoneos*]" = "iPhone Developer";
				COPY_PHASE_STRIP = YES;
				ENABLE_NS_ASSERTIONS = NO;
				ENABLE_STRICT_OBJC_MSGSEND = YES;
				GCC_C_LANGUAGE_STANDARD = gnu99;
				GCC_WARN_64_TO_32_BIT_CONVERSION = YES;
				GCC_WARN_ABOUT_RETURN_TYPE = YES_ERROR;
				GCC_WARN_UNDECLARED_SELECTOR = YES;
				GCC_WARN_UNINITIALIZED_AUTOS = YES_AGGRESSIVE;
				GCC_WARN_UNUSED_FUNCTION = YES;
				GCC_WARN_UNUSED_VARIABLE = YES;
				IPHONEOS_DEPLOYMENT_TARGET = 8.1;
				MTL_ENABLE_DEBUG_INFO = NO;
				SDKROOT = iphoneos;
				VALIDATE_PRODUCT = YES;
			};
			name = Release;
		};
		9BB10B721A0E191700FBC33B /* Debug */ = {
			isa = XCBuildConfiguration;
			buildSettings = {
				ASSETCATALOG_COMPILER_APPICON_NAME = AppIcon;
				INFOPLIST_FILE = MVCExample/Info.plist;
				LD_RUNPATH_SEARCH_PATHS = "$(inherited) @executable_path/Frameworks";
				PRODUCT_NAME = "$(TARGET_NAME)";
			};
			name = Debug;
		};
		9BB10B731A0E191700FBC33B /* Release */ = {
			isa = XCBuildConfiguration;
			buildSettings = {
				ASSETCATALOG_COMPILER_APPICON_NAME = AppIcon;
				INFOPLIST_FILE = MVCExample/Info.plist;
				LD_RUNPATH_SEARCH_PATHS = "$(inherited) @executable_path/Frameworks";
				PRODUCT_NAME = "$(TARGET_NAME)";
			};
			name = Release;
		};
		9BB10B751A0E191700FBC33B /* Debug */ = {
			isa = XCBuildConfiguration;
			buildSettings = {
				BUNDLE_LOADER = "$(TEST_HOST)";
				FRAMEWORK_SEARCH_PATHS = (
					"$(SDKROOT)/Developer/Library/Frameworks",
					"$(inherited)",
				);
				GCC_PREPROCESSOR_DEFINITIONS = (
					"DEBUG=1",
					"$(inherited)",
				);
				INFOPLIST_FILE = MVCExampleTests/Info.plist;
				LD_RUNPATH_SEARCH_PATHS = "$(inherited) @executable_path/Frameworks @loader_path/Frameworks";
				PRODUCT_NAME = "$(TARGET_NAME)";
				TEST_HOST = "$(BUILT_PRODUCTS_DIR)/MVCExample.app/MVCExample";
			};
			name = Debug;
		};
		9BB10B761A0E191700FBC33B /* Release */ = {
			isa = XCBuildConfiguration;
			buildSettings = {
				BUNDLE_LOADER = "$(TEST_HOST)";
				FRAMEWORK_SEARCH_PATHS = (
					"$(SDKROOT)/Developer/Library/Frameworks",
					"$(inherited)",
				);
				INFOPLIST_FILE = MVCExampleTests/Info.plist;
				LD_RUNPATH_SEARCH_PATHS = "$(inherited) @executable_path/Frameworks @loader_path/Frameworks";
				PRODUCT_NAME = "$(TARGET_NAME)";
				TEST_HOST = "$(BUILT_PRODUCTS_DIR)/MVCExample.app/MVCExample";
			};
			name = Release;
		};
/* End XCBuildConfiguration section */

/* Begin XCConfigurationList section */
		9BB10B4D1A0E191700FBC33B /* Build configuration list for PBXProject "MVCExample" */ = {
			isa = XCConfigurationList;
			buildConfigurations = (
				9BB10B6F1A0E191700FBC33B /* Debug */,
				9BB10B701A0E191700FBC33B /* Release */,
			);
			defaultConfigurationIsVisible = 0;
			defaultConfigurationName = Release;
		};
		9BB10B711A0E191700FBC33B /* Build configuration list for PBXNativeTarget "MVCExample" */ = {
			isa = XCConfigurationList;
			buildConfigurations = (
				9BB10B721A0E191700FBC33B /* Debug */,
				9BB10B731A0E191700FBC33B /* Release */,
			);
			defaultConfigurationIsVisible = 0;
		};
		9BB10B741A0E191700FBC33B /* Build configuration list for PBXNativeTarget "MVCExampleTests" */ = {
			isa = XCConfigurationList;
			buildConfigurations = (
				9BB10B751A0E191700FBC33B /* Debug */,
				9BB10B761A0E191700FBC33B /* Release */,
			);
			defaultConfigurationIsVisible = 0;
		};
/* End XCConfigurationList section */
	};
	rootObject = 9BB10B4A1A0E191700FBC33B /* Project object */;
}
